{
  "name": "@shine_cli/exec",
  "version": "1.0.3",
  "lockfileVersion": 2,
  "requires": true,
  "packages": {
    "": {
      "name": "@shine_cli/exec",
      "version": "1.0.3",
      "license": "ISC",
      "dependencies": {
        "@shine_cli/log": "file:../../utils/log",
        "@shine_cli/package": "file:../../models/package",
        "@shine_cli/utils": "file:../../utils/utils"
      }
    },
    "../../models/package": {
      "name": "@shine_cli/package",
      "version": "1.0.3",
      "license": "ISC",
      "dependencies": {
        "@shine_cli/format-path": "file:../../utils/format-path",
        "@shine_cli/get-npm-info": "file:../../utils/get-npm-info",
        "@shine_cli/utils": "file:../../utils/utils",
        "fs-extra": "^10.1.0",
        "npminstall": "^6.5.0",
        "path-exists": "^4.0.0",
        "pkg-dir": "^5.0.0"
      }
    },
    "../../utils/log": {
      "name": "@shine_cli/log",
      "version": "1.0.3",
      "license": "ISC",
      "dependencies": {
        "npmlog": "^6.0.2"
      }
    },
    "../../utils/utils": {
      "name": "@shine_cli/utils",
      "version": "1.0.2",
      "license": "ISC",
      "dependencies": {
        "cli-spinner": "^0.2.10"
      }
    },
    "node_modules/@shine_cli/log": {
      "resolved": "../../utils/log",
      "link": true
    },
    "node_modules/@shine_cli/package": {
      "resolved": "../../models/package",
      "link": true
    },
    "node_modules/@shine_cli/utils": {
      "resolved": "../../utils/utils",
      "link": true
    }
  },
  "dependencies": {
    "@shine_cli/log": {
      "version": "file:../../utils/log",
      "requires": {
        "npmlog": "^6.0.2"
      }
    },
    "@shine_cli/package": {
      "version": "file:../../models/package",
      "requires": {
        "@shine_cli/format-path": "file:../../utils/format-path",
        "@shine_cli/get-npm-info": "file:../../utils/get-npm-info",
        "@shine_cli/utils": "file:../../utils/utils",
        "fs-extra": "^10.1.0",
        "npminstall": "^6.5.0",
        "path-exists": "^4.0.0",
        "pkg-dir": "^5.0.0"
      }
    },
    "@shine_cli/utils": {
      "version": "file:../../utils/utils",
      "requires": {
        "cli-spinner": "^0.2.10"
      }
    }
  }
}
